{
    "_readme": [
        "This file locks the dependencies of your project to a known state",
        "It is automatically generated and should not be manually edited"
    ],
    "content-hash": "a1b2c3d4e5f6g7h8i9j0k1l2m3n4o5p6",
    "packages": [],
    "packages-dev": [],
    "aliases": [],
    "minimum-stability": "dev",
    "stability-flags": [],
    "prefer-stable": true,
    "prefer-lowest": false,
    "platform": {
        "php": ">=7.4"
    },
    "platform-dev": [],
    "plugin-api-version": "2.3.0"
}